{
  "version": 4,
  "terraform_version": "1.6.3",
  "serial": 15,
  "lineage": "0d48ead4-afcf-2567-36b7-2f0cc5fc83f6",
  "outputs": {
    "publicip": {
      "value": "20.163.92.193",
      "type": "string"
    }
  },
  "resources": [
    {
      "mode": "managed",
      "type": "azurerm_network_interface",
      "name": "rajeshnic",
      "provider": "provider[\"registry.terraform.io/hashicorp/azurerm\"]",
      "instances": [
        {
          "schema_version": 0,
          "attributes": {
            "applied_dns_servers": [],
            "auxiliary_mode": "",
            "auxiliary_sku": "",
            "dns_servers": [],
            "edge_zone": "",
            "enable_accelerated_networking": false,
            "enable_ip_forwarding": false,
            "id": "/subscriptions/42a9a7af-8c2d-4d4f-b91b-148841bb6fe6/resourceGroups/rajesh/providers/Microsoft.Network/networkInterfaces/rajeshnic",
            "internal_dns_name_label": "",
            "internal_domain_name_suffix": "",
            "ip_configuration": [
              {
                "gateway_load_balancer_frontend_ip_configuration_id": "",
                "name": "internal",
                "primary": true,
                "private_ip_address": "192.168.0.4",
                "private_ip_address_allocation": "Dynamic",
                "private_ip_address_version": "IPv4",
                "public_ip_address_id": "/subscriptions/42a9a7af-8c2d-4d4f-b91b-148841bb6fe6/resourceGroups/rajesh/providers/Microsoft.Network/publicIPAddresses/rajeship",
                "subnet_id": "/subscriptions/42a9a7af-8c2d-4d4f-b91b-148841bb6fe6/resourceGroups/rajesh/providers/Microsoft.Network/virtualNetworks/rajeshvnet/subnets/rajeshsubnetA"
              }
            ],
            "location": "westus3",
            "mac_address": "60-45-BD-C0-F0-97",
            "name": "rajeshnic",
            "private_ip_address": "192.168.0.4",
            "private_ip_addresses": [
              "192.168.0.4"
            ],
            "resource_group_name": "rajesh",
            "tags": {},
            "timeouts": null,
            "virtual_machine_id": ""
          },
          "sensitive_attributes": [],
          "private": "eyJlMmJmYjczMC1lY2FhLTExZTYtOGY4OC0zNDM2M2JjN2M0YzAiOnsiY3JlYXRlIjoxODAwMDAwMDAwMDAwLCJkZWxldGUiOjE4MDAwMDAwMDAwMDAsInJlYWQiOjMwMDAwMDAwMDAwMCwidXBkYXRlIjoxODAwMDAwMDAwMDAwfX0=",
          "dependencies": [
            "azurerm_public_ip.rajeship",
            "azurerm_resource_group.rajesh",
            "azurerm_subnet.rajeshsubnetA",
            "azurerm_virtual_network.rajeshvnet"
          ]
        }
      ]
    },
    {
      "mode": "managed",
      "type": "azurerm_network_security_group",
      "name": "rajeshnsg",
      "provider": "provider[\"registry.terraform.io/hashicorp/azurerm\"]",
      "instances": [
        {
          "schema_version": 0,
          "attributes": {
            "id": "/subscriptions/42a9a7af-8c2d-4d4f-b91b-148841bb6fe6/resourceGroups/rajesh/providers/Microsoft.Network/networkSecurityGroups/rajeshnsg",
            "location": "westus3",
            "name": "rajeshnsg",
            "resource_group_name": "rajesh",
            "security_rule": [
              {
                "access": "Allow",
                "description": "",
                "destination_address_prefix": "*",
                "destination_address_prefixes": [],
                "destination_application_security_group_ids": [],
                "destination_port_range": "*",
                "destination_port_ranges": [],
                "direction": "Inbound",
                "name": "test123",
                "priority": 100,
                "protocol": "Tcp",
                "source_address_prefix": "*",
                "source_address_prefixes": [],
                "source_application_security_group_ids": [],
                "source_port_range": "*",
                "source_port_ranges": []
              }
            ],
            "tags": {
              "environment": "Production"
            },
            "timeouts": null
          },
          "sensitive_attributes": [],
          "private": "eyJlMmJmYjczMC1lY2FhLTExZTYtOGY4OC0zNDM2M2JjN2M0YzAiOnsiY3JlYXRlIjoxODAwMDAwMDAwMDAwLCJkZWxldGUiOjE4MDAwMDAwMDAwMDAsInJlYWQiOjMwMDAwMDAwMDAwMCwidXBkYXRlIjoxODAwMDAwMDAwMDAwfX0=",
          "dependencies": [
            "azurerm_resource_group.rajesh"
          ]
        }
      ]
    },
    {
      "mode": "managed",
      "type": "azurerm_public_ip",
      "name": "rajeship",
      "provider": "provider[\"registry.terraform.io/hashicorp/azurerm\"]",
      "instances": [
        {
          "schema_version": 0,
          "attributes": {
            "allocation_method": "Static",
            "ddos_protection_mode": "VirtualNetworkInherited",
            "ddos_protection_plan_id": null,
            "domain_name_label": null,
            "edge_zone": "",
            "fqdn": null,
            "id": "/subscriptions/42a9a7af-8c2d-4d4f-b91b-148841bb6fe6/resourceGroups/rajesh/providers/Microsoft.Network/publicIPAddresses/rajeship",
            "idle_timeout_in_minutes": 4,
            "ip_address": "20.163.92.193",
            "ip_tags": {},
            "ip_version": "IPv4",
            "location": "westus3",
            "name": "rajeship",
            "public_ip_prefix_id": null,
            "resource_group_name": "rajesh",
            "reverse_fqdn": null,
            "sku": "Basic",
            "sku_tier": "Regional",
            "tags": {
              "environment": "Production"
            },
            "timeouts": null,
            "zones": []
          },
          "sensitive_attributes": [],
          "private": "eyJlMmJmYjczMC1lY2FhLTExZTYtOGY4OC0zNDM2M2JjN2M0YzAiOnsiY3JlYXRlIjoxODAwMDAwMDAwMDAwLCJkZWxldGUiOjE4MDAwMDAwMDAwMDAsInJlYWQiOjMwMDAwMDAwMDAwMCwidXBkYXRlIjoxODAwMDAwMDAwMDAwfX0=",
          "dependencies": [
            "azurerm_resource_group.rajesh"
          ]
        }
      ]
    },
    {
      "mode": "managed",
      "type": "azurerm_resource_group",
      "name": "rajesh",
      "provider": "provider[\"registry.terraform.io/hashicorp/azurerm\"]",
      "instances": [
        {
          "schema_version": 0,
          "attributes": {
            "id": "/subscriptions/42a9a7af-8c2d-4d4f-b91b-148841bb6fe6/resourceGroups/rajesh",
            "location": "westus3",
            "managed_by": "",
            "name": "rajesh",
            "tags": {},
            "timeouts": null
          },
          "sensitive_attributes": [],
          "private": "eyJlMmJmYjczMC1lY2FhLTExZTYtOGY4OC0zNDM2M2JjN2M0YzAiOnsiY3JlYXRlIjo1NDAwMDAwMDAwMDAwLCJkZWxldGUiOjU0MDAwMDAwMDAwMDAsInJlYWQiOjMwMDAwMDAwMDAwMCwidXBkYXRlIjo1NDAwMDAwMDAwMDAwfX0="
        }
      ]
    },
    {
      "mode": "managed",
      "type": "azurerm_storage_account",
      "name": "rajeshstoarge",
      "provider": "provider[\"registry.terraform.io/hashicorp/azurerm\"]",
      "instances": [
        {
          "schema_version": 4,
          "attributes": {
            "access_tier": "Hot",
            "account_kind": "StorageV2",
            "account_replication_type": "GRS",
            "account_tier": "Standard",
            "allow_nested_items_to_be_public": true,
            "allowed_copy_scope": "",
            "azure_files_authentication": [],
            "blob_properties": [
              {
                "change_feed_enabled": false,
                "change_feed_retention_in_days": 0,
                "container_delete_retention_policy": [],
                "cors_rule": [],
                "default_service_version": "",
                "delete_retention_policy": [],
                "last_access_time_enabled": false,
                "restore_policy": [],
                "versioning_enabled": false
              }
            ],
            "cross_tenant_replication_enabled": true,
            "custom_domain": [],
            "customer_managed_key": [],
            "default_to_oauth_authentication": false,
            "edge_zone": "",
            "enable_https_traffic_only": true,
            "id": "/subscriptions/42a9a7af-8c2d-4d4f-b91b-148841bb6fe6/resourceGroups/rajesh/providers/Microsoft.Storage/storageAccounts/rajstoragename2",
            "identity": [],
            "immutability_policy": [],
            "infrastructure_encryption_enabled": false,
            "is_hns_enabled": false,
            "large_file_share_enabled": null,
            "location": "westus3",
            "min_tls_version": "TLS1_2",
            "name": "rajstoragename2",
            "network_rules": [
              {
                "bypass": [
                  "AzureServices"
                ],
                "default_action": "Allow",
                "ip_rules": [],
                "private_link_access": [],
                "virtual_network_subnet_ids": []
              }
            ],
            "nfsv3_enabled": false,
            "primary_access_key": "Qf+qSBIpXeJ6k2bz949EScqQ/tLcAgLi6LB8gWIOEtuxGaQU9Z72VUsD39x6vNOunmYv26bcgprH+ASt1PNidQ==",
            "primary_blob_connection_string": "DefaultEndpointsProtocol=https;BlobEndpoint=https://rajstoragename2.blob.core.windows.net/;AccountName=rajstoragename2;AccountKey=Qf+qSBIpXeJ6k2bz949EScqQ/tLcAgLi6LB8gWIOEtuxGaQU9Z72VUsD39x6vNOunmYv26bcgprH+ASt1PNidQ==",
            "primary_blob_endpoint": "https://rajstoragename2.blob.core.windows.net/",
            "primary_blob_host": "rajstoragename2.blob.core.windows.net",
            "primary_connection_string": "DefaultEndpointsProtocol=https;AccountName=rajstoragename2;AccountKey=Qf+qSBIpXeJ6k2bz949EScqQ/tLcAgLi6LB8gWIOEtuxGaQU9Z72VUsD39x6vNOunmYv26bcgprH+ASt1PNidQ==;EndpointSuffix=core.windows.net",
            "primary_dfs_endpoint": "https://rajstoragename2.dfs.core.windows.net/",
            "primary_dfs_host": "rajstoragename2.dfs.core.windows.net",
            "primary_file_endpoint": "https://rajstoragename2.file.core.windows.net/",
            "primary_file_host": "rajstoragename2.file.core.windows.net",
            "primary_location": "westus3",
            "primary_queue_endpoint": "https://rajstoragename2.queue.core.windows.net/",
            "primary_queue_host": "rajstoragename2.queue.core.windows.net",
            "primary_table_endpoint": "https://rajstoragename2.table.core.windows.net/",
            "primary_table_host": "rajstoragename2.table.core.windows.net",
            "primary_web_endpoint": "https://rajstoragename2.z1.web.core.windows.net/",
            "primary_web_host": "rajstoragename2.z1.web.core.windows.net",
            "public_network_access_enabled": true,
            "queue_encryption_key_type": "Service",
            "queue_properties": [
              {
                "cors_rule": [],
                "hour_metrics": [
                  {
                    "enabled": true,
                    "include_apis": true,
                    "retention_policy_days": 7,
                    "version": "1.0"
                  }
                ],
                "logging": [
                  {
                    "delete": false,
                    "read": false,
                    "retention_policy_days": 0,
                    "version": "1.0",
                    "write": false
                  }
                ],
                "minute_metrics": [
                  {
                    "enabled": false,
                    "include_apis": false,
                    "retention_policy_days": 0,
                    "version": "1.0"
                  }
                ]
              }
            ],
            "resource_group_name": "rajesh",
            "routing": [],
            "sas_policy": [],
            "secondary_access_key": "j5kD4fA7LoXlCZpXIW2vLOJ08nXBxP3SxjdEObQLhIJf3WpX547yj2lJb3D6BfxYyNigW0A6lhIS+AStOY6WZw==",
            "secondary_blob_connection_string": "",
            "secondary_blob_endpoint": null,
            "secondary_blob_host": null,
            "secondary_connection_string": "DefaultEndpointsProtocol=https;AccountName=rajstoragename2;AccountKey=j5kD4fA7LoXlCZpXIW2vLOJ08nXBxP3SxjdEObQLhIJf3WpX547yj2lJb3D6BfxYyNigW0A6lhIS+AStOY6WZw==;EndpointSuffix=core.windows.net",
            "secondary_dfs_endpoint": null,
            "secondary_dfs_host": null,
            "secondary_file_endpoint": null,
            "secondary_file_host": null,
            "secondary_location": "eastus",
            "secondary_queue_endpoint": null,
            "secondary_queue_host": null,
            "secondary_table_endpoint": null,
            "secondary_table_host": null,
            "secondary_web_endpoint": null,
            "secondary_web_host": null,
            "sftp_enabled": false,
            "share_properties": [
              {
                "cors_rule": [],
                "retention_policy": [
                  {
                    "days": 7
                  }
                ],
                "smb": []
              }
            ],
            "shared_access_key_enabled": true,
            "static_website": [],
            "table_encryption_key_type": "Service",
            "tags": {
              "environment": "staging"
            },
            "timeouts": null
          },
          "sensitive_attributes": [],
          "private": "eyJlMmJmYjczMC1lY2FhLTExZTYtOGY4OC0zNDM2M2JjN2M0YzAiOnsiY3JlYXRlIjozNjAwMDAwMDAwMDAwLCJkZWxldGUiOjM2MDAwMDAwMDAwMDAsInJlYWQiOjMwMDAwMDAwMDAwMCwidXBkYXRlIjozNjAwMDAwMDAwMDAwfSwic2NoZW1hX3ZlcnNpb24iOiI0In0=",
          "dependencies": [
            "azurerm_resource_group.rajesh"
          ]
        }
      ]
    },
    {
      "mode": "managed",
      "type": "azurerm_storage_container",
      "name": "rajeshcontainer",
      "provider": "provider[\"registry.terraform.io/hashicorp/azurerm\"]",
      "instances": [
        {
          "schema_version": 1,
          "attributes": {
            "container_access_type": "private",
            "has_immutability_policy": false,
            "has_legal_hold": false,
            "id": "https://rajstoragename2.blob.core.windows.net/rajcontname2",
            "metadata": {},
            "name": "rajcontname2",
            "resource_manager_id": "/subscriptions/42a9a7af-8c2d-4d4f-b91b-148841bb6fe6/resourceGroups/rajesh/providers/Microsoft.Storage/storageAccounts/rajstoragename2/blobServices/default/containers/rajcontname2",
            "storage_account_name": "rajstoragename2",
            "timeouts": null
          },
          "sensitive_attributes": [],
          "private": "eyJlMmJmYjczMC1lY2FhLTExZTYtOGY4OC0zNDM2M2JjN2M0YzAiOnsiY3JlYXRlIjoxODAwMDAwMDAwMDAwLCJkZWxldGUiOjE4MDAwMDAwMDAwMDAsInJlYWQiOjMwMDAwMDAwMDAwMCwidXBkYXRlIjoxODAwMDAwMDAwMDAwfSwic2NoZW1hX3ZlcnNpb24iOiIxIn0=",
          "dependencies": [
            "azurerm_resource_group.rajesh",
            "azurerm_storage_account.rajeshstoarge"
          ]
        }
      ]
    },
    {
      "mode": "managed",
      "type": "azurerm_subnet",
      "name": "rajeshsubnetA",
      "provider": "provider[\"registry.terraform.io/hashicorp/azurerm\"]",
      "instances": [
        {
          "schema_version": 0,
          "attributes": {
            "address_prefixes": [
              "192.168.0.0/24"
            ],
            "delegation": [],
            "enforce_private_link_endpoint_network_policies": false,
            "enforce_private_link_service_network_policies": false,
            "id": "/subscriptions/42a9a7af-8c2d-4d4f-b91b-148841bb6fe6/resourceGroups/rajesh/providers/Microsoft.Network/virtualNetworks/rajeshvnet/subnets/rajeshsubnetA",
            "name": "rajeshsubnetA",
            "private_endpoint_network_policies_enabled": true,
            "private_link_service_network_policies_enabled": true,
            "resource_group_name": "rajesh",
            "service_endpoint_policy_ids": [],
            "service_endpoints": [],
            "timeouts": null,
            "virtual_network_name": "rajeshvnet"
          },
          "sensitive_attributes": [],
          "private": "eyJlMmJmYjczMC1lY2FhLTExZTYtOGY4OC0zNDM2M2JjN2M0YzAiOnsiY3JlYXRlIjoxODAwMDAwMDAwMDAwLCJkZWxldGUiOjE4MDAwMDAwMDAwMDAsInJlYWQiOjMwMDAwMDAwMDAwMCwidXBkYXRlIjoxODAwMDAwMDAwMDAwfX0=",
          "dependencies": [
            "azurerm_resource_group.rajesh",
            "azurerm_virtual_network.rajeshvnet"
          ]
        }
      ]
    },
    {
      "mode": "managed",
      "type": "azurerm_virtual_machine",
      "name": "rajeshvm",
      "provider": "provider[\"registry.terraform.io/hashicorp/azurerm\"]",
      "instances": [
        {
          "schema_version": 0,
          "attributes": {
            "additional_capabilities": [],
            "availability_set_id": null,
            "boot_diagnostics": [],
            "delete_data_disks_on_termination": false,
            "delete_os_disk_on_termination": false,
            "id": "/subscriptions/42a9a7af-8c2d-4d4f-b91b-148841bb6fe6/resourceGroups/rajesh/providers/Microsoft.Compute/virtualMachines/rajeshvm",
            "identity": [],
            "license_type": null,
            "location": "westus3",
            "name": "rajeshvm",
            "network_interface_ids": [
              "/subscriptions/42a9a7af-8c2d-4d4f-b91b-148841bb6fe6/resourceGroups/rajesh/providers/Microsoft.Network/networkInterfaces/rajeshnic"
            ],
            "os_profile": [
              {
                "admin_password": "",
                "admin_username": "rajesh",
                "computer_name": "rajesh1",
                "custom_data": ""
              }
            ],
            "os_profile_linux_config": [
              {
                "disable_password_authentication": false,
                "ssh_keys": []
              }
            ],
            "os_profile_secrets": [],
            "os_profile_windows_config": [],
            "plan": [],
            "primary_network_interface_id": null,
            "proximity_placement_group_id": null,
            "resource_group_name": "rajesh",
            "storage_data_disk": [],
            "storage_image_reference": [
              {
                "id": "",
                "offer": "0001-com-ubuntu-server-jammy",
                "publisher": "Canonical",
                "sku": "22_04-lts",
                "version": "latest"
              }
            ],
            "storage_os_disk": [
              {
                "caching": "ReadWrite",
                "create_option": "FromImage",
                "disk_size_gb": 30,
                "image_uri": "",
                "managed_disk_id": "/subscriptions/42a9a7af-8c2d-4d4f-b91b-148841bb6fe6/resourceGroups/rajesh/providers/Microsoft.Compute/disks/myosdisk2",
                "managed_disk_type": "Standard_LRS",
                "name": "myosdisk2",
                "os_type": "Linux",
                "vhd_uri": "",
                "write_accelerator_enabled": false
              }
            ],
            "tags": {
              "environment": "staging"
            },
            "timeouts": null,
            "vm_size": "Standard_DS1_v2",
            "zones": null
          },
          "sensitive_attributes": [],
          "private": "eyJlMmJmYjczMC1lY2FhLTExZTYtOGY4OC0zNDM2M2JjN2M0YzAiOnsiY3JlYXRlIjozNjAwMDAwMDAwMDAwLCJkZWxldGUiOjM2MDAwMDAwMDAwMDAsInJlYWQiOjMwMDAwMDAwMDAwMCwidXBkYXRlIjozNjAwMDAwMDAwMDAwfX0=",
          "dependencies": [
            "azurerm_network_interface.rajeshnic",
            "azurerm_public_ip.rajeship",
            "azurerm_resource_group.rajesh",
            "azurerm_subnet.rajeshsubnetA",
            "azurerm_virtual_network.rajeshvnet"
          ]
        }
      ]
    },
    {
      "mode": "managed",
      "type": "azurerm_virtual_network",
      "name": "rajeshvnet",
      "provider": "provider[\"registry.terraform.io/hashicorp/azurerm\"]",
      "instances": [
        {
          "schema_version": 0,
          "attributes": {
            "address_space": [
              "192.168.0.0/16"
            ],
            "bgp_community": "",
            "ddos_protection_plan": [],
            "dns_servers": [],
            "edge_zone": "",
            "encryption": [],
            "flow_timeout_in_minutes": 0,
            "guid": "b14b5f21-d990-487c-a7e1-8e16d52a6d9c",
            "id": "/subscriptions/42a9a7af-8c2d-4d4f-b91b-148841bb6fe6/resourceGroups/rajesh/providers/Microsoft.Network/virtualNetworks/rajeshvnet",
            "location": "westus3",
            "name": "rajeshvnet",
            "resource_group_name": "rajesh",
            "subnet": [
              {
                "address_prefix": "192.168.0.0/24",
                "id": "/subscriptions/42a9a7af-8c2d-4d4f-b91b-148841bb6fe6/resourceGroups/rajesh/providers/Microsoft.Network/virtualNetworks/rajeshvnet/subnets/rajeshsubnetA",
                "name": "rajeshsubnetA",
                "security_group": ""
              }
            ],
            "tags": {},
            "timeouts": null
          },
          "sensitive_attributes": [],
          "private": "eyJlMmJmYjczMC1lY2FhLTExZTYtOGY4OC0zNDM2M2JjN2M0YzAiOnsiY3JlYXRlIjoxODAwMDAwMDAwMDAwLCJkZWxldGUiOjE4MDAwMDAwMDAwMDAsInJlYWQiOjMwMDAwMDAwMDAwMCwidXBkYXRlIjoxODAwMDAwMDAwMDAwfX0=",
          "dependencies": [
            "azurerm_resource_group.rajesh"
          ]
        }
      ]
    }
  ],
  "check_results": null
}
